
Microsoft Visual Studio Solution File, Format Version 12.00
# Visual Studio Version 17
VisualStudioVersion = 17.0.31903.59
MinimumVisualStudioVersion = 10.0.40219.1
Project("{FAE04EC0-301F-11D3-BF4B-00C04F79EFBC}") = "AbstractFactory", "AbstractFactory\AbstractFactory.csproj", "{DDE66B29-8F4D-4401-A20B-B888E253B49F}"
EndProject
Project("{FAE04EC0-301F-11D3-BF4B-00C04F79EFBC}") = "Builder", "Builder\Builder.csproj", "{1EE0B536-8B73-4E71-8F6F-7A8D1C8B414D}"
EndProject
Project("{FAE04EC0-301F-11D3-BF4B-00C04F79EFBC}") = "Factory", "Factory\Factory.csproj", "{60C3FCAA-0DFB-46C2-829E-982E0D682029}"
EndProject
Global
	GlobalSection(SolutionConfigurationPlatforms) = preSolution
		Debug|Any CPU = Debug|Any CPU
		Debug|x64 = Debug|x64
		Debug|x86 = Debug|x86
		Release|Any CPU = Release|Any CPU
		Release|x64 = Release|x64
		Release|x86 = Release|x86
	EndGlobalSection
	GlobalSection(ProjectConfigurationPlatforms) = postSolution
		{DDE66B29-8F4D-4401-A20B-B888E253B49F}.Debug|Any CPU.ActiveCfg = Debug|Any CPU
		{DDE66B29-8F4D-4401-A20B-B888E253B49F}.Debug|Any CPU.Build.0 = Debug|Any CPU
		{DDE66B29-8F4D-4401-A20B-B888E253B49F}.Debug|x64.ActiveCfg = Debug|Any CPU
		{DDE66B29-8F4D-4401-A20B-B888E253B49F}.Debug|x64.Build.0 = Debug|Any CPU
		{DDE66B29-8F4D-4401-A20B-B888E253B49F}.Debug|x86.ActiveCfg = Debug|Any CPU
		{DDE66B29-8F4D-4401-A20B-B888E253B49F}.Debug|x86.Build.0 = Debug|Any CPU
		{DDE66B29-8F4D-4401-A20B-B888E253B49F}.Release|Any CPU.ActiveCfg = Release|Any CPU
		{DDE66B29-8F4D-4401-A20B-B888E253B49F}.Release|Any CPU.Build.0 = Release|Any CPU
		{DDE66B29-8F4D-4401-A20B-B888E253B49F}.Release|x64.ActiveCfg = Release|Any CPU
		{DDE66B29-8F4D-4401-A20B-B888E253B49F}.Release|x64.Build.0 = Release|Any CPU
		{DDE66B29-8F4D-4401-A20B-B888E253B49F}.Release|x86.ActiveCfg = Release|Any CPU
		{DDE66B29-8F4D-4401-A20B-B888E253B49F}.Release|x86.Build.0 = Release|Any CPU
		{1EE0B536-8B73-4E71-8F6F-7A8D1C8B414D}.Debug|Any CPU.ActiveCfg = Debug|Any CPU
		{1EE0B536-8B73-4E71-8F6F-7A8D1C8B414D}.Debug|Any CPU.Build.0 = Debug|Any CPU
		{1EE0B536-8B73-4E71-8F6F-7A8D1C8B414D}.Debug|x64.ActiveCfg = Debug|Any CPU
		{1EE0B536-8B73-4E71-8F6F-7A8D1C8B414D}.Debug|x64.Build.0 = Debug|Any CPU
		{1EE0B536-8B73-4E71-8F6F-7A8D1C8B414D}.Debug|x86.ActiveCfg = Debug|Any CPU
		{1EE0B536-8B73-4E71-8F6F-7A8D1C8B414D}.Debug|x86.Build.0 = Debug|Any CPU
		{1EE0B536-8B73-4E71-8F6F-7A8D1C8B414D}.Release|Any CPU.ActiveCfg = Release|Any CPU
		{1EE0B536-8B73-4E71-8F6F-7A8D1C8B414D}.Release|Any CPU.Build.0 = Release|Any CPU
		{1EE0B536-8B73-4E71-8F6F-7A8D1C8B414D}.Release|x64.ActiveCfg = Release|Any CPU
		{1EE0B536-8B73-4E71-8F6F-7A8D1C8B414D}.Release|x64.Build.0 = Release|Any CPU
		{1EE0B536-8B73-4E71-8F6F-7A8D1C8B414D}.Release|x86.ActiveCfg = Release|Any CPU
		{1EE0B536-8B73-4E71-8F6F-7A8D1C8B414D}.Release|x86.Build.0 = Release|Any CPU
		{60C3FCAA-0DFB-46C2-829E-982E0D682029}.Debug|Any CPU.ActiveCfg = Debug|Any CPU
		{60C3FCAA-0DFB-46C2-829E-982E0D682029}.Debug|Any CPU.Build.0 = Debug|Any CPU
		{60C3FCAA-0DFB-46C2-829E-982E0D682029}.Debug|x64.ActiveCfg = Debug|Any CPU
		{60C3FCAA-0DFB-46C2-829E-982E0D682029}.Debug|x64.Build.0 = Debug|Any CPU
		{60C3FCAA-0DFB-46C2-829E-982E0D682029}.Debug|x86.ActiveCfg = Debug|Any CPU
		{60C3FCAA-0DFB-46C2-829E-982E0D682029}.Debug|x86.Build.0 = Debug|Any CPU
		{60C3FCAA-0DFB-46C2-829E-982E0D682029}.Release|Any CPU.ActiveCfg = Release|Any CPU
		{60C3FCAA-0DFB-46C2-829E-982E0D682029}.Release|Any CPU.Build.0 = Release|Any CPU
		{60C3FCAA-0DFB-46C2-829E-982E0D682029}.Release|x64.ActiveCfg = Release|Any CPU
		{60C3FCAA-0DFB-46C2-829E-982E0D682029}.Release|x64.Build.0 = Release|Any CPU
		{60C3FCAA-0DFB-46C2-829E-982E0D682029}.Release|x86.ActiveCfg = Release|Any CPU
		{60C3FCAA-0DFB-46C2-829E-982E0D682029}.Release|x86.Build.0 = Release|Any CPU
	EndGlobalSection
	GlobalSection(SolutionProperties) = preSolution
		HideSolutionNode = FALSE
	EndGlobalSection
EndGlobal
